
Microsoft Visual Studio Solution File, Format Version 12.00
# Visual Studio Version 17
VisualStudioVersion = 17.4.33110.190
MinimumVisualStudioVersion = 10.0.40219.1
Project("{FAE04EC0-301F-11D3-BF4B-00C04F79EFBC}") = "eTickets", "eTickets\eTickets.csproj", "{0698F642-62E1-43CB-AD45-AAB9408AD25F}"
EndProject
Global
	GlobalSection(SolutionConfigurationPlatforms) = preSolution
		Debug|Any CPU = Debug|Any CPU
		Release|Any CPU = Release|Any CPU
	EndGlobalSection
	GlobalSection(ProjectConfigurationPlatforms) = postSolution
		{0698F642-62E1-43CB-AD45-AAB9408AD25F}.Debug|Any CPU.ActiveCfg = Debug|Any CPU
		{0698F642-62E1-43CB-AD45-AAB9408AD25F}.Debug|Any CPU.Build.0 = Debug|Any CPU
		{0698F642-62E1-43CB-AD45-AAB9408AD25F}.Release|Any CPU.ActiveCfg = Release|Any CPU
		{0698F642-62E1-43CB-AD45-AAB9408AD25F}.Release|Any CPU.Build.0 = Release|Any CPU
	EndGlobalSection
	GlobalSection(SolutionProperties) = preSolution
		HideSolutionNode = FALSE
	EndGlobalSection
	GlobalSection(ExtensibilityGlobals) = postSolution
		SolutionGuid = {CFAF72B2-A249-4EF8-8616-D70DDF007B21}
	EndGlobalSection
EndGlobal
